
Microsoft Visual Studio Solution File, Format Version 12.00
# Visual Studio Version 17
VisualStudioVersion = 17.9.34701.34
MinimumVisualStudioVersion = 10.0.40219.1
Project("{FAE04EC0-301F-11D3-BF4B-00C04F79EFBC}") = "UsuariosAPI", "UsuariosAPI\UsuariosAPI.csproj", "{F02624D1-3DE7-4F18-9BCB-C51E3D9A87BC}"
EndProject
Global
	GlobalSection(SolutionConfigurationPlatforms) = preSolution
		Debug|Any CPU = Debug|Any CPU
		Release|Any CPU = Release|Any CPU
	EndGlobalSection
	GlobalSection(ProjectConfigurationPlatforms) = postSolution
		{F02624D1-3DE7-4F18-9BCB-C51E3D9A87BC}.Debug|Any CPU.ActiveCfg = Debug|Any CPU
		{F02624D1-3DE7-4F18-9BCB-C51E3D9A87BC}.Debug|Any CPU.Build.0 = Debug|Any CPU
		{F02624D1-3DE7-4F18-9BCB-C51E3D9A87BC}.Release|Any CPU.ActiveCfg = Release|Any CPU
		{F02624D1-3DE7-4F18-9BCB-C51E3D9A87BC}.Release|Any CPU.Build.0 = Release|Any CPU
	EndGlobalSection
	GlobalSection(SolutionProperties) = preSolution
		HideSolutionNode = FALSE
	EndGlobalSection
	GlobalSection(ExtensibilityGlobals) = postSolution
		SolutionGuid = {31136F13-C121-401A-A65E-CB3C535CBD75}
	EndGlobalSection
EndGlobal
